// !$*UTF8*$!
{
	archiveVersion = 1;
	classes = {
	};
	objectVersion = 56;
	objects = {

/* Begin PBXBuildFile section */
		B697391C2B189BD000AF9F6E /* AppDelegate.swift in Sources */ = {isa = PBXBuildFile; fileRef = B697391B2B189BD000AF9F6E /* AppDelegate.swift */; };
		B697391E2B189BD000AF9F6E /* SceneDelegate.swift in Sources */ = {isa = PBXBuildFile; fileRef = B697391D2B189BD000AF9F6E /* SceneDelegate.swift */; };
		B69739202B189BD000AF9F6E /* ViewController.swift in Sources */ = {isa = PBXBuildFile; fileRef = B697391F2B189BD000AF9F6E /* ViewController.swift */; };
		B69739232B189BD000AF9F6E /* Main.storyboard in Resources */ = {isa = PBXBuildFile; fileRef = B69739212B189BD000AF9F6E /* Main.storyboard */; };
		B69739252B189BD100AF9F6E /* Assets.xcassets in Resources */ = {isa = PBXBuildFile; fileRef = B69739242B189BD100AF9F6E /* Assets.xcassets */; };
		B69739282B189BD100AF9F6E /* LaunchScreen.storyboard in Resources */ = {isa = PBXBuildFile; fileRef = B69739262B189BD100AF9F6E /* LaunchScreen.storyboard */; };
		B69739332B189BD200AF9F6E /* LoginProtocolOrientedTests.swift in Sources */ = {isa = PBXBuildFile; fileRef = B69739322B189BD200AF9F6E /* LoginProtocolOrientedTests.swift */; };
		B697393D2B189BD200AF9F6E /* LoginProtocolOrientedUITests.swift in Sources */ = {isa = PBXBuildFile; fileRef = B697393C2B189BD200AF9F6E /* LoginProtocolOrientedUITests.swift */; };
		B697393F2B189BD200AF9F6E /* LoginProtocolOrientedUITestsLaunchTests.swift in Sources */ = {isa = PBXBuildFile; fileRef = B697393E2B189BD200AF9F6E /* LoginProtocolOrientedUITestsLaunchTests.swift */; };
/* End PBXBuildFile section */

/* Begin PBXContainerItemProxy section */
		B697392F2B189BD200AF9F6E /* PBXContainerItemProxy */ = {
			isa = PBXContainerItemProxy;
			containerPortal = B69739102B189BD000AF9F6E /* Project object */;
			proxyType = 1;
			remoteGlobalIDString = B69739172B189BD000AF9F6E;
			remoteInfo = LoginProtocolOriented;
		};
		B69739392B189BD200AF9F6E /* PBXContainerItemProxy */ = {
			isa = PBXContainerItemProxy;
			containerPortal = B69739102B189BD000AF9F6E /* Project object */;
			proxyType = 1;
			remoteGlobalIDString = B69739172B189BD000AF9F6E;
			remoteInfo = LoginProtocolOriented;
		};
/* End PBXContainerItemProxy section */

/* Begin PBXFileReference section */
		B69739182B189BD000AF9F6E /* LoginProtocolOriented.app */ = {isa = PBXFileReference; explicitFileType = wrapper.application; includeInIndex = 0; path = LoginProtocolOriented.app; sourceTree = BUILT_PRODUCTS_DIR; };
		B697391B2B189BD000AF9F6E /* AppDelegate.swift */ = {isa = PBXFileReference; lastKnownFileType = sourcecode.swift; path = AppDelegate.swift; sourceTree = "<group>"; };
		B697391D2B189BD000AF9F6E /* SceneDelegate.swift */ = {isa = PBXFileReference; lastKnownFileType = sourcecode.swift; path = SceneDelegate.swift; sourceTree = "<group>"; };
		B697391F2B189BD000AF9F6E /* ViewController.swift */ = {isa = PBXFileReference; lastKnownFileType = sourcecode.swift; path = ViewController.swift; sourceTree = "<group>"; };
		B69739222B189BD000AF9F6E /* Base */ = {isa = PBXFileReference; lastKnownFileType = file.storyboard; name = Base; path = Base.lproj/Main.storyboard; sourceTree = "<group>"; };
		B69739242B189BD100AF9F6E /* Assets.xcassets */ = {isa = PBXFileReference; lastKnownFileType = folder.assetcatalog; path = Assets.xcassets; sourceTree = "<group>"; };
		B69739272B189BD100AF9F6E /* Base */ = {isa = PBXFileReference; lastKnownFileType = file.storyboard; name = Base; path = Base.lproj/LaunchScreen.storyboard; sourceTree = "<group>"; };
		B69739292B189BD100AF9F6E /* Info.plist */ = {isa = PBXFileReference; lastKnownFileType = text.plist.xml; path = Info.plist; sourceTree = "<group>"; };
		B697392E2B189BD200AF9F6E /* LoginProtocolOrientedTests.xctest */ = {isa = PBXFileReference; explicitFileType = wrapper.cfbundle; includeInIndex = 0; path = LoginProtocolOrientedTests.xctest; sourceTree = BUILT_PRODUCTS_DIR; };
		B69739322B189BD200AF9F6E /* LoginProtocolOrientedTests.swift */ = {isa = PBXFileReference; lastKnownFileType = sourcecode.swift; path = LoginProtocolOrientedTests.swift; sourceTree = "<group>"; };
		B69739382B189BD200AF9F6E /* LoginProtocolOrientedUITests.xctest */ = {isa = PBXFileReference; explicitFileType = wrapper.cfbundle; includeInIndex = 0; path = LoginProtocolOrientedUITests.xctest; sourceTree = BUILT_PRODUCTS_DIR; };
		B697393C2B189BD200AF9F6E /* LoginProtocolOrientedUITests.swift */ = {isa = PBXFileReference; lastKnownFileType = sourcecode.swift; path = LoginProtocolOrientedUITests.swift; sourceTree = "<group>"; };
		B697393E2B189BD200AF9F6E /* LoginProtocolOrientedUITestsLaunchTests.swift */ = {isa = PBXFileReference; lastKnownFileType = sourcecode.swift; path = LoginProtocolOrientedUITestsLaunchTests.swift; sourceTree = "<group>"; };
/* End PBXFileReference section */

/* Begin PBXFrameworksBuildPhase section */
		B69739152B189BD000AF9F6E /* Frameworks */ = {
			isa = PBXFrameworksBuildPhase;
			buildActionMask = 2147483647;
			files = (
			);
			runOnlyForDeploymentPostprocessing = 0;
		};
		B697392B2B189BD200AF9F6E /* Frameworks */ = {
			isa = PBXFrameworksBuildPhase;
			buildActionMask = 2147483647;
			files = (
			);
			runOnlyForDeploymentPostprocessing = 0;
		};
		B69739352B189BD200AF9F6E /* Frameworks */ = {
			isa = PBXFrameworksBuildPhase;
			buildActionMask = 2147483647;
			files = (
			);
			runOnlyForDeploymentPostprocessing = 0;
		};
/* End PBXFrameworksBuildPhase section */

/* Begin PBXGroup section */
		B697390F2B189BD000AF9F6E = {
			isa = PBXGroup;
			children = (
				B697391A2B189BD000AF9F6E /* LoginProtocolOriented */,
				B69739312B189BD200AF9F6E /* LoginProtocolOrientedTests */,
				B697393B2B189BD200AF9F6E /* LoginProtocolOrientedUITests */,
				B69739192B189BD000AF9F6E /* Products */,
			);
			sourceTree = "<group>";
		};
		B69739192B189BD000AF9F6E /* Products */ = {
			isa = PBXGroup;
			children = (
				B69739182B189BD000AF9F6E /* LoginProtocolOriented.app */,
				B697392E2B189BD200AF9F6E /* LoginProtocolOrientedTests.xctest */,
				B69739382B189BD200AF9F6E /* LoginProtocolOrientedUITests.xctest */,
			);
			name = Products;
			sourceTree = "<group>";
		};
		B697391A2B189BD000AF9F6E /* LoginProtocolOriented */ = {
			isa = PBXGroup;
			children = (
				B697391B2B189BD000AF9F6E /* AppDelegate.swift */,
				B697391D2B189BD000AF9F6E /* SceneDelegate.swift */,
				B697391F2B189BD000AF9F6E /* ViewController.swift */,
				B69739212B189BD000AF9F6E /* Main.storyboard */,
				B69739242B189BD100AF9F6E /* Assets.xcassets */,
				B69739262B189BD100AF9F6E /* LaunchScreen.storyboard */,
				B69739292B189BD100AF9F6E /* Info.plist */,
			);
			path = LoginProtocolOriented;
			sourceTree = "<group>";
		};
		B69739312B189BD200AF9F6E /* LoginProtocolOrientedTests */ = {
			isa = PBXGroup;
			children = (
				B69739322B189BD200AF9F6E /* LoginProtocolOrientedTests.swift */,
			);
			path = LoginProtocolOrientedTests;
			sourceTree = "<group>";
		};
		B697393B2B189BD200AF9F6E /* LoginProtocolOrientedUITests */ = {
			isa = PBXGroup;
			children = (
				B697393C2B189BD200AF9F6E /* LoginProtocolOrientedUITests.swift */,
				B697393E2B189BD200AF9F6E /* LoginProtocolOrientedUITestsLaunchTests.swift */,
			);
			path = LoginProtocolOrientedUITests;
			sourceTree = "<group>";
		};
/* End PBXGroup section */

/* Begin PBXNativeTarget section */
		B69739172B189BD000AF9F6E /* LoginProtocolOriented */ = {
			isa = PBXNativeTarget;
			buildConfigurationList = B69739422B189BD200AF9F6E /* Build configuration list for PBXNativeTarget "LoginProtocolOriented" */;
			buildPhases = (
				B69739142B189BD000AF9F6E /* Sources */,
				B69739152B189BD000AF9F6E /* Frameworks */,
				B69739162B189BD000AF9F6E /* Resources */,
			);
			buildRules = (
			);
			dependencies = (
			);
			name = LoginProtocolOriented;
			productName = LoginProtocolOriented;
			productReference = B69739182B189BD000AF9F6E /* LoginProtocolOriented.app */;
			productType = "com.apple.product-type.application";
		};
		B697392D2B189BD200AF9F6E /* LoginProtocolOrientedTests */ = {
			isa = PBXNativeTarget;
			buildConfigurationList = B69739452B189BD200AF9F6E /* Build configuration list for PBXNativeTarget "LoginProtocolOrientedTests" */;
			buildPhases = (
				B697392A2B189BD200AF9F6E /* Sources */,
				B697392B2B189BD200AF9F6E /* Frameworks */,
				B697392C2B189BD200AF9F6E /* Resources */,
			);
			buildRules = (
			);
			dependencies = (
				B69739302B189BD200AF9F6E /* PBXTargetDependency */,
			);
			name = LoginProtocolOrientedTests;
			productName = LoginProtocolOrientedTests;
			productReference = B697392E2B189BD200AF9F6E /* LoginProtocolOrientedTests.xctest */;
			productType = "com.apple.product-type.bundle.unit-test";
		};
		B69739372B189BD200AF9F6E /* LoginProtocolOrientedUITests */ = {
			isa = PBXNativeTarget;
			buildConfigurationList = B69739482B189BD200AF9F6E /* Build configuration list for PBXNativeTarget "LoginProtocolOrientedUITests" */;
			buildPhases = (
				B69739342B189BD200AF9F6E /* Sources */,
				B69739352B189BD200AF9F6E /* Frameworks */,
				B69739362B189BD200AF9F6E /* Resources */,
			);
			buildRules = (
			);
			dependencies = (
				B697393A2B189BD200AF9F6E /* PBXTargetDependency */,
			);
			name = LoginProtocolOrientedUITests;
			productName = LoginProtocolOrientedUITests;
			productReference = B69739382B189BD200AF9F6E /* LoginProtocolOrientedUITests.xctest */;
			productType = "com.apple.product-type.bundle.ui-testing";
		};
/* End PBXNativeTarget section */

/* Begin PBXProject section */
		B69739102B189BD000AF9F6E /* Project object */ = {
			isa = PBXProject;
			attributes = {
				BuildIndependentTargetsInParallel = 1;
				LastSwiftUpdateCheck = 1500;
				LastUpgradeCheck = 1500;
				TargetAttributes = {
					B69739172B189BD000AF9F6E = {
						CreatedOnToolsVersion = 15.0.1;
					};
					B697392D2B189BD200AF9F6E = {
						CreatedOnToolsVersion = 15.0.1;
						TestTargetID = B69739172B189BD000AF9F6E;
					};
					B69739372B189BD200AF9F6E = {
						CreatedOnToolsVersion = 15.0.1;
						TestTargetID = B69739172B189BD000AF9F6E;
					};
				};
			};
			buildConfigurationList = B69739132B189BD000AF9F6E /* Build configuration list for PBXProject "LoginProtocolOriented" */;
			compatibilityVersion = "Xcode 14.0";
			developmentRegion = en;
			hasScannedForEncodings = 0;
			knownRegions = (
				en,
				Base,
			);
			mainGroup = B697390F2B189BD000AF9F6E;
			productRefGroup = B69739192B189BD000AF9F6E /* Products */;
			projectDirPath = "";
			projectRoot = "";
			targets = (
				B69739172B189BD000AF9F6E /* LoginProtocolOriented */,
				B697392D2B189BD200AF9F6E /* LoginProtocolOrientedTests */,
				B69739372B189BD200AF9F6E /* LoginProtocolOrientedUITests */,
			);
		};
/* End PBXProject section */

/* Begin PBXResourcesBuildPhase section */
		B69739162B189BD000AF9F6E /* Resources */ = {
			isa = PBXResourcesBuildPhase;
			buildActionMask = 2147483647;
			files = (
				B69739282B189BD100AF9F6E /* LaunchScreen.storyboard in Resources */,
				B69739252B189BD100AF9F6E /* Assets.xcassets in Resources */,
				B69739232B189BD000AF9F6E /* Main.storyboard in Resources */,
			);
			runOnlyForDeploymentPostprocessing = 0;
		};
		B697392C2B189BD200AF9F6E /* Resources */ = {
			isa = PBXResourcesBuildPhase;
			buildActionMask = 2147483647;
			files = (
			);
			runOnlyForDeploymentPostprocessing = 0;
		};
		B69739362B189BD200AF9F6E /* Resources */ = {
			isa = PBXResourcesBuildPhase;
			buildActionMask = 2147483647;
			files = (
			);
			runOnlyForDeploymentPostprocessing = 0;
		};
/* End PBXResourcesBuildPhase section */

/* Begin PBXSourcesBuildPhase section */
		B69739142B189BD000AF9F6E /* Sources */ = {
			isa = PBXSourcesBuildPhase;
			buildActionMask = 2147483647;
			files = (
				B69739202B189BD000AF9F6E /* ViewController.swift in Sources */,
				B697391C2B189BD000AF9F6E /* AppDelegate.swift in Sources */,
				B697391E2B189BD000AF9F6E /* SceneDelegate.swift in Sources */,
			);
			runOnlyForDeploymentPostprocessing = 0;
		};
		B697392A2B189BD200AF9F6E /* Sources */ = {
			isa = PBXSourcesBuildPhase;
			buildActionMask = 2147483647;
			files = (
				B69739332B189BD200AF9F6E /* LoginProtocolOrientedTests.swift in Sources */,
			);
			runOnlyForDeploymentPostprocessing = 0;
		};
		B69739342B189BD200AF9F6E /* Sources */ = {
			isa = PBXSourcesBuildPhase;
			buildActionMask = 2147483647;
			files = (
				B697393F2B189BD200AF9F6E /* LoginProtocolOrientedUITestsLaunchTests.swift in Sources */,
				B697393D2B189BD200AF9F6E /* LoginProtocolOrientedUITests.swift in Sources */,
			);
			runOnlyForDeploymentPostprocessing = 0;
		};
/* End PBXSourcesBuildPhase section */

/* Begin PBXTargetDependency section */
		B69739302B189BD200AF9F6E /* PBXTargetDependency */ = {
			isa = PBXTargetDependency;
			target = B69739172B189BD000AF9F6E /* LoginProtocolOriented */;
			targetProxy = B697392F2B189BD200AF9F6E /* PBXContainerItemProxy */;
		};
		B697393A2B189BD200AF9F6E /* PBXTargetDependency */ = {
			isa = PBXTargetDependency;
			target = B69739172B189BD000AF9F6E /* LoginProtocolOriented */;
			targetProxy = B69739392B189BD200AF9F6E /* PBXContainerItemProxy */;
		};
/* End PBXTargetDependency section */

/* Begin PBXVariantGroup section */
		B69739212B189BD000AF9F6E /* Main.storyboard */ = {
			isa = PBXVariantGroup;
			children = (
				B69739222B189BD000AF9F6E /* Base */,
			);
			name = Main.storyboard;
			sourceTree = "<group>";
		};
		B69739262B189BD100AF9F6E /* LaunchScreen.storyboard */ = {
			isa = PBXVariantGroup;
			children = (
				B69739272B189BD100AF9F6E /* Base */,
			);
			name = LaunchScreen.storyboard;
			sourceTree = "<group>";
		};
/* End PBXVariantGroup section */

/* Begin XCBuildConfiguration section */
		B69739402B189BD200AF9F6E /* Debug */ = {
			isa = XCBuildConfiguration;
			buildSettings = {
				ALWAYS_SEARCH_USER_PATHS = NO;
				ASSETCATALOG_COMPILER_GENERATE_SWIFT_ASSET_SYMBOL_EXTENSIONS = YES;
				CLANG_ANALYZER_NONNULL = YES;
				CLANG_ANALYZER_NUMBER_OBJECT_CONVERSION = YES_AGGRESSIVE;
				CLANG_CXX_LANGUAGE_STANDARD = "gnu++20";
				CLANG_ENABLE_MODULES = YES;
				CLANG_ENABLE_OBJC_ARC = YES;
				CLANG_ENABLE_OBJC_WEAK = YES;
				CLANG_WARN_BLOCK_CAPTURE_AUTORELEASING = YES;
				CLANG_WARN_BOOL_CONVERSION = YES;
				CLANG_WARN_COMMA = YES;
				CLANG_WARN_CONSTANT_CONVERSION = YES;
				CLANG_WARN_DEPRECATED_OBJC_IMPLEMENTATIONS = YES;
				CLANG_WARN_DIRECT_OBJC_ISA_USAGE = YES_ERROR;
				CLANG_WARN_DOCUMENTATION_COMMENTS = YES;
				CLANG_WARN_EMPTY_BODY = YES;
				CLANG_WARN_ENUM_CONVERSION = YES;
				CLANG_WARN_INFINITE_RECURSION = YES;
				CLANG_WARN_INT_CONVERSION = YES;
				CLANG_WARN_NON_LITERAL_NULL_CONVERSION = YES;
				CLANG_WARN_OBJC_IMPLICIT_RETAIN_SELF = YES;
				CLANG_WARN_OBJC_LITERAL_CONVERSION = YES;
				CLANG_WARN_OBJC_ROOT_CLASS = YES_ERROR;
				CLANG_WARN_QUOTED_INCLUDE_IN_FRAMEWORK_HEADER = YES;
				CLANG_WARN_RANGE_LOOP_ANALYSIS = YES;
				CLANG_WARN_STRICT_PROTOTYPES = YES;
				CLANG_WARN_SUSPICIOUS_MOVE = YES;
				CLANG_WARN_UNGUARDED_AVAILABILITY = YES_AGGRESSIVE;
				CLANG_WARN_UNREACHABLE_CODE = YES;
				CLANG_WARN__DUPLICATE_METHOD_MATCH = YES;
				COPY_PHASE_STRIP = NO;
				DEBUG_INFORMATION_FORMAT = dwarf;
				ENABLE_STRICT_OBJC_MSGSEND = YES;
				ENABLE_TESTABILITY = YES;
				ENABLE_USER_SCRIPT_SANDBOXING = YES;
				GCC_C_LANGUAGE_STANDARD = gnu17;
				GCC_DYNAMIC_NO_PIC = NO;
				GCC_NO_COMMON_BLOCKS = YES;
				GCC_OPTIMIZATION_LEVEL = 0;
				GCC_PREPROCESSOR_DEFINITIONS = (
					"DEBUG=1",
					"$(inherited)",
				);
				GCC_WARN_64_TO_32_BIT_CONVERSION = YES;
				GCC_WARN_ABOUT_RETURN_TYPE = YES_ERROR;
				GCC_WARN_UNDECLARED_SELECTOR = YES;
				GCC_WARN_UNINITIALIZED_AUTOS = YES_AGGRESSIVE;
				GCC_WARN_UNUSED_FUNCTION = YES;
				GCC_WARN_UNUSED_VARIABLE = YES;
				IPHONEOS_DEPLOYMENT_TARGET = 17.0;
				LOCALIZATION_PREFERS_STRING_CATALOGS = YES;
				MTL_ENABLE_DEBUG_INFO = INCLUDE_SOURCE;
				MTL_FAST_MATH = YES;
				ONLY_ACTIVE_ARCH = YES;
				SDKROOT = iphoneos;
				SWIFT_ACTIVE_COMPILATION_CONDITIONS = "DEBUG $(inherited)";
				SWIFT_OPTIMIZATION_LEVEL = "-Onone";
			};
			name = Debug;
		};
		B69739412B189BD200AF9F6E /* Release */ = {
			isa = XCBuildConfiguration;
			buildSettings = {
				ALWAYS_SEARCH_USER_PATHS = NO;
				ASSETCATALOG_COMPILER_GENERATE_SWIFT_ASSET_SYMBOL_EXTENSIONS = YES;
				CLANG_ANALYZER_NONNULL = YES;
				CLANG_ANALYZER_NUMBER_OBJECT_CONVERSION = YES_AGGRESSIVE;
				CLANG_CXX_LANGUAGE_STANDARD = "gnu++20";
				CLANG_ENABLE_MODULES = YES;
				CLANG_ENABLE_OBJC_ARC = YES;
				CLANG_ENABLE_OBJC_WEAK = YES;
				CLANG_WARN_BLOCK_CAPTURE_AUTORELEASING = YES;
				CLANG_WARN_BOOL_CONVERSION = YES;
				CLANG_WARN_COMMA = YES;
				CLANG_WARN_CONSTANT_CONVERSION = YES;
				CLANG_WARN_DEPRECATED_OBJC_IMPLEMENTATIONS = YES;
				CLANG_WARN_DIRECT_OBJC_ISA_USAGE = YES_ERROR;
				CLANG_WARN_DOCUMENTATION_COMMENTS = YES;
				CLANG_WARN_EMPTY_BODY = YES;
				CLANG_WARN_ENUM_CONVERSION = YES;
				CLANG_WARN_INFINITE_RECURSION = YES;
				CLANG_WARN_INT_CONVERSION = YES;
				CLANG_WARN_NON_LITERAL_NULL_CONVERSION = YES;
				CLANG_WARN_OBJC_IMPLICIT_RETAIN_SELF = YES;
				CLANG_WARN_OBJC_LITERAL_CONVERSION = YES;
				CLANG_WARN_OBJC_ROOT_CLASS = YES_ERROR;
				CLANG_WARN_QUOTED_INCLUDE_IN_FRAMEWORK_HEADER = YES;
				CLANG_WARN_RANGE_LOOP_ANALYSIS = YES;
				CLANG_WARN_STRICT_PROTOTYPES = YES;
				CLANG_WARN_SUSPICIOUS_MOVE = YES;
				CLANG_WARN_UNGUARDED_AVAILABILITY = YES_AGGRESSIVE;
				CLANG_WARN_UNREACHABLE_CODE = YES;
				CLANG_WARN__DUPLICATE_METHOD_MATCH = YES;
				COPY_PHASE_STRIP = NO;
				DEBUG_INFORMATION_FORMAT = "dwarf-with-dsym";
				ENABLE_NS_ASSERTIONS = NO;
				ENABLE_STRICT_OBJC_MSGSEND = YES;
				ENABLE_USER_SCRIPT_SANDBOXING = YES;
				GCC_C_LANGUAGE_STANDARD = gnu17;
				GCC_NO_COMMON_BLOCKS = YES;
				GCC_WARN_64_TO_32_BIT_CONVERSION = YES;
				GCC_WARN_ABOUT_RETURN_TYPE = YES_ERROR;
				GCC_WARN_UNDECLARED_SELECTOR = YES;
				GCC_WARN_UNINITIALIZED_AUTOS = YES_AGGRESSIVE;
				GCC_WARN_UNUSED_FUNCTION = YES;
				GCC_WARN_UNUSED_VARIABLE = YES;
				IPHONEOS_DEPLOYMENT_TARGET = 17.0;
				LOCALIZATION_PREFERS_STRING_CATALOGS = YES;
				MTL_ENABLE_DEBUG_INFO = NO;
				MTL_FAST_MATH = YES;
				SDKROOT = iphoneos;
				SWIFT_COMPILATION_MODE = wholemodule;
				VALIDATE_PRODUCT = YES;
			};
			name = Release;
		};
		B69739432B189BD200AF9F6E /* Debug */ = {
			isa = XCBuildConfiguration;
			buildSettings = {
				ASSETCATALOG_COMPILER_APPICON_NAME = AppIcon;
				ASSETCATALOG_COMPILER_GLOBAL_ACCENT_COLOR_NAME = AccentColor;
				CODE_SIGN_STYLE = Automatic;
				CURRENT_PROJECT_VERSION = 1;
				DEVELOPMENT_TEAM = 4S74JS2879;
				GENERATE_INFOPLIST_FILE = YES;
				INFOPLIST_FILE = LoginProtocolOriented/Info.plist;
				INFOPLIST_KEY_UIApplicationSupportsIndirectInputEvents = YES;
				INFOPLIST_KEY_UILaunchStoryboardName = LaunchScreen;
				INFOPLIST_KEY_UIMainStoryboardFile = Main;
				INFOPLIST_KEY_UISupportedInterfaceOrientations_iPad = "UIInterfaceOrientationPortrait UIInterfaceOrientationPortraitUpsideDown UIInterfaceOrientationLandscapeLeft UIInterfaceOrientationLandscapeRight";
				INFOPLIST_KEY_UISupportedInterfaceOrientations_iPhone = "UIInterfaceOrientationPortrait UIInterfaceOrientationLandscapeLeft UIInterfaceOrientationLandscapeRight";
				LD_RUNPATH_SEARCH_PATHS = (
					"$(inherited)",
					"@executable_path/Frameworks",
				);
				MARKETING_VERSION = 1.0;
				PRODUCT_BUNDLE_IDENTIFIER = com.selcukileri.LoginProtocolOriented;
				PRODUCT_NAME = "$(TARGET_NAME)";
				SWIFT_EMIT_LOC_STRINGS = YES;
				SWIFT_VERSION = 5.0;
				TARGETED_DEVICE_FAMILY = "1,2";
			};
			name = Debug;
		};
		B69739442B189BD200AF9F6E /* Release */ = {
			isa = XCBuildConfiguration;
			buildSettings = {
				ASSETCATALOG_COMPILER_APPICON_NAME = AppIcon;
				ASSETCATALOG_COMPILER_GLOBAL_ACCENT_COLOR_NAME = AccentColor;
				CODE_SIGN_STYLE = Automatic;
				CURRENT_PROJECT_VERSION = 1;
				DEVELOPMENT_TEAM = 4S74JS2879;
				GENERATE_INFOPLIST_FILE = YES;
				INFOPLIST_FILE = LoginProtocolOriented/Info.plist;
				INFOPLIST_KEY_UIApplicationSupportsIndirectInputEvents = YES;
				INFOPLIST_KEY_UILaunchStoryboardName = LaunchScreen;
				INFOPLIST_KEY_UIMainStoryboardFile = Main;
				INFOPLIST_KEY_UISupportedInterfaceOrientations_iPad = "UIInterfaceOrientationPortrait UIInterfaceOrientationPortraitUpsideDown UIInterfaceOrientationLandscapeLeft UIInterfaceOrientationLandscapeRight";
				INFOPLIST_KEY_UISupportedInterfaceOrientations_iPhone = "UIInterfaceOrientationPortrait UIInterfaceOrientationLandscapeLeft UIInterfaceOrientationLandscapeRight";
				LD_RUNPATH_SEARCH_PATHS = (
					"$(inherited)",
					"@executable_path/Frameworks",
				);
				MARKETING_VERSION = 1.0;
				PRODUCT_BUNDLE_IDENTIFIER = com.selcukileri.LoginProtocolOriented;
				PRODUCT_NAME = "$(TARGET_NAME)";
				SWIFT_EMIT_LOC_STRINGS = YES;
				SWIFT_VERSION = 5.0;
				TARGETED_DEVICE_FAMILY = "1,2";
			};
			name = Release;
		};
		B69739462B189BD200AF9F6E /* Debug */ = {
			isa = XCBuildConfiguration;
			buildSettings = {
				ALWAYS_EMBED_SWIFT_STANDARD_LIBRARIES = YES;
				BUNDLE_LOADER = "$(TEST_HOST)";
				CODE_SIGN_STYLE = Automatic;
				CURRENT_PROJECT_VERSION = 1;
				DEVELOPMENT_TEAM = 4S74JS2879;
				GENERATE_INFOPLIST_FILE = YES;
				IPHONEOS_DEPLOYMENT_TARGET = 17.0;
				MARKETING_VERSION = 1.0;
				PRODUCT_BUNDLE_IDENTIFIER = com.selcukileri.LoginProtocolOrientedTests;
				PRODUCT_NAME = "$(TARGET_NAME)";
				SWIFT_EMIT_LOC_STRINGS = NO;
				SWIFT_VERSION = 5.0;
				TARGETED_DEVICE_FAMILY = "1,2";
				TEST_HOST = "$(BUILT_PRODUCTS_DIR)/LoginProtocolOriented.app/$(BUNDLE_EXECUTABLE_FOLDER_PATH)/LoginProtocolOriented";
			};
			name = Debug;
		};
		B69739472B189BD200AF9F6E /* Release */ = {
			isa = XCBuildConfiguration;
			buildSettings = {
				ALWAYS_EMBED_SWIFT_STANDARD_LIBRARIES = YES;
				BUNDLE_LOADER = "$(TEST_HOST)";
				CODE_SIGN_STYLE = Automatic;
				CURRENT_PROJECT_VERSION = 1;
				DEVELOPMENT_TEAM = 4S74JS2879;
				GENERATE_INFOPLIST_FILE = YES;
				IPHONEOS_DEPLOYMENT_TARGET = 17.0;
				MARKETING_VERSION = 1.0;
				PRODUCT_BUNDLE_IDENTIFIER = com.selcukileri.LoginProtocolOrientedTests;
				PRODUCT_NAME = "$(TARGET_NAME)";
				SWIFT_EMIT_LOC_STRINGS = NO;
				SWIFT_VERSION = 5.0;
				TARGETED_DEVICE_FAMILY = "1,2";
				TEST_HOST = "$(BUILT_PRODUCTS_DIR)/LoginProtocolOriented.app/$(BUNDLE_EXECUTABLE_FOLDER_PATH)/LoginProtocolOriented";
			};
			name = Release;
		};
		B69739492B189BD200AF9F6E /* Debug */ = {
			isa = XCBuildConfiguration;
			buildSettings = {
				ALWAYS_EMBED_SWIFT_STANDARD_LIBRARIES = YES;
				CODE_SIGN_STYLE = Automatic;
				CURRENT_PROJECT_VERSION = 1;
				DEVELOPMENT_TEAM = 4S74JS2879;
				GENERATE_INFOPLIST_FILE = YES;
				MARKETING_VERSION = 1.0;
				PRODUCT_BUNDLE_IDENTIFIER = com.selcukileri.LoginProtocolOrientedUITests;
				PRODUCT_NAME = "$(TARGET_NAME)";
				SWIFT_EMIT_LOC_STRINGS = NO;
				SWIFT_VERSION = 5.0;
				TARGETED_DEVICE_FAMILY = "1,2";
				TEST_TARGET_NAME = LoginProtocolOriented;
			};
			name = Debug;
		};
		B697394A2B189BD200AF9F6E /* Release */ = {
			isa = XCBuildConfiguration;
			buildSettings = {
				ALWAYS_EMBED_SWIFT_STANDARD_LIBRARIES = YES;
				CODE_SIGN_STYLE = Automatic;
				CURRENT_PROJECT_VERSION = 1;
				DEVELOPMENT_TEAM = 4S74JS2879;
				GENERATE_INFOPLIST_FILE = YES;
				MARKETING_VERSION = 1.0;
				PRODUCT_BUNDLE_IDENTIFIER = com.selcukileri.LoginProtocolOrientedUITests;
				PRODUCT_NAME = "$(TARGET_NAME)";
				SWIFT_EMIT_LOC_STRINGS = NO;
				SWIFT_VERSION = 5.0;
				TARGETED_DEVICE_FAMILY = "1,2";
				TEST_TARGET_NAME = LoginProtocolOriented;
			};
			name = Release;
		};
/* End XCBuildConfiguration section */

/* Begin XCConfigurationList section */
		B69739132B189BD000AF9F6E /* Build configuration list for PBXProject "LoginProtocolOriented" */ = {
			isa = XCConfigurationList;
			buildConfigurations = (
				B69739402B189BD200AF9F6E /* Debug */,
				B69739412B189BD200AF9F6E /* Release */,
			);
			defaultConfigurationIsVisible = 0;
			defaultConfigurationName = Release;
		};
		B69739422B189BD200AF9F6E /* Build configuration list for PBXNativeTarget "LoginProtocolOriented" */ = {
			isa = XCConfigurationList;
			buildConfigurations = (
				B69739432B189BD200AF9F6E /* Debug */,
				B69739442B189BD200AF9F6E /* Release */,
			);
			defaultConfigurationIsVisible = 0;
			defaultConfigurationName = Release;
		};
		B69739452B189BD200AF9F6E /* Build configuration list for PBXNativeTarget "LoginProtocolOrientedTests" */ = {
			isa = XCConfigurationList;
			buildConfigurations = (
				B69739462B189BD200AF9F6E /* Debug */,
				B69739472B189BD200AF9F6E /* Release */,
			);
			defaultConfigurationIsVisible = 0;
			defaultConfigurationName = Release;
		};
		B69739482B189BD200AF9F6E /* Build configuration list for PBXNativeTarget "LoginProtocolOrientedUITests" */ = {
			isa = XCConfigurationList;
			buildConfigurations = (
				B69739492B189BD200AF9F6E /* Debug */,
				B697394A2B189BD200AF9F6E /* Release */,
			);
			defaultConfigurationIsVisible = 0;
			defaultConfigurationName = Release;
		};
/* End XCConfigurationList section */
	};
	rootObject = B69739102B189BD000AF9F6E /* Project object */;
}
